
Microsoft Visual Studio Solution File, Format Version 12.00
# Visual Studio Version 17
VisualStudioVersion = 17.0.31903.59
MinimumVisualStudioVersion = 10.0.40219.1
Project("{9A19103F-16F7-4668-BE54-9A1E7A4F7556}") = "QuickFixExt.Parser.Test.Harness", "source\QuickFixExt.Parser.Test.Harness\QuickFixExt.Parser.Test.Harness.csproj", "{1CB4BF46-6A0E-495F-8066-062B5702F3DA}"
EndProject
Project("{9A19103F-16F7-4668-BE54-9A1E7A4F7556}") = "QuickFixExt.Parser", "source\QuickFixExt.Parser\QuickFixExt.Parser.csproj", "{EAD1BE76-9264-49C4-A9B6-CA823A767C85}"
EndProject
Project("{FAE04EC0-301F-11D3-BF4B-00C04F79EFBC}") = "QuickFixExt.Parser.Test", "test\QuickFixExt.Parser.Test\QuickFixExt.Parser.Test.csproj", "{6B52AEB3-E31F-41A4-A714-5B0CD84BA22D}"
EndProject
Global
	GlobalSection(SolutionConfigurationPlatforms) = preSolution
		Debug|Any CPU = Debug|Any CPU
		Release|Any CPU = Release|Any CPU
	EndGlobalSection
	GlobalSection(ProjectConfigurationPlatforms) = postSolution
		{1CB4BF46-6A0E-495F-8066-062B5702F3DA}.Debug|Any CPU.ActiveCfg = Debug|Any CPU
		{1CB4BF46-6A0E-495F-8066-062B5702F3DA}.Debug|Any CPU.Build.0 = Debug|Any CPU
		{1CB4BF46-6A0E-495F-8066-062B5702F3DA}.Release|Any CPU.ActiveCfg = Release|Any CPU
		{1CB4BF46-6A0E-495F-8066-062B5702F3DA}.Release|Any CPU.Build.0 = Release|Any CPU
		{EAD1BE76-9264-49C4-A9B6-CA823A767C85}.Debug|Any CPU.ActiveCfg = Debug|Any CPU
		{EAD1BE76-9264-49C4-A9B6-CA823A767C85}.Debug|Any CPU.Build.0 = Debug|Any CPU
		{EAD1BE76-9264-49C4-A9B6-CA823A767C85}.Release|Any CPU.ActiveCfg = Release|Any CPU
		{EAD1BE76-9264-49C4-A9B6-CA823A767C85}.Release|Any CPU.Build.0 = Release|Any CPU
		{6B52AEB3-E31F-41A4-A714-5B0CD84BA22D}.Debug|Any CPU.ActiveCfg = Debug|Any CPU
		{6B52AEB3-E31F-41A4-A714-5B0CD84BA22D}.Debug|Any CPU.Build.0 = Debug|Any CPU
		{6B52AEB3-E31F-41A4-A714-5B0CD84BA22D}.Release|Any CPU.ActiveCfg = Release|Any CPU
		{6B52AEB3-E31F-41A4-A714-5B0CD84BA22D}.Release|Any CPU.Build.0 = Release|Any CPU
	EndGlobalSection
	GlobalSection(SolutionProperties) = preSolution
		HideSolutionNode = FALSE
	EndGlobalSection
	GlobalSection(ExtensibilityGlobals) = postSolution
		SolutionGuid = {BD78B6A3-6D21-46D0-8023-65779CC79C0E}
	EndGlobalSection
EndGlobal
