
Microsoft Visual Studio Solution File, Format Version 12.00
# Visual Studio Version 17
VisualStudioVersion = 17.0.31903.59
MinimumVisualStudioVersion = 10.0.40219.1
Project("{9A19103F-16F7-4668-BE54-9A1E7A4F7556}") = "Fix.Parser", "source\Fix.Parser\Fix.Parser.csproj", "{81CC65E5-56C1-466E-9570-8505014E2EE3}"
EndProject
Project("{9A19103F-16F7-4668-BE54-9A1E7A4F7556}") = "Fix.Parser.Test.Harness", "source\Fix.Parser.Test.Harness\Fix.Parser.Test.Harness.csproj", "{1CB4BF46-6A0E-495F-8066-062B5702F3DA}"
EndProject
Project("{9A19103F-16F7-4668-BE54-9A1E7A4F7556}") = "Fix.QuickFix.Parser", "source\Fix.QuickFix.Parser\Fix.QuickFix.Parser.csproj", "{EAD1BE76-9264-49C4-A9B6-CA823A767C85}"
EndProject
Global
	GlobalSection(SolutionConfigurationPlatforms) = preSolution
		Debug|Any CPU = Debug|Any CPU
		Release|Any CPU = Release|Any CPU
	EndGlobalSection
	GlobalSection(ProjectConfigurationPlatforms) = postSolution
		{81CC65E5-56C1-466E-9570-8505014E2EE3}.Debug|Any CPU.ActiveCfg = Debug|Any CPU
		{81CC65E5-56C1-466E-9570-8505014E2EE3}.Debug|Any CPU.Build.0 = Debug|Any CPU
		{81CC65E5-56C1-466E-9570-8505014E2EE3}.Release|Any CPU.ActiveCfg = Release|Any CPU
		{81CC65E5-56C1-466E-9570-8505014E2EE3}.Release|Any CPU.Build.0 = Release|Any CPU
		{1CB4BF46-6A0E-495F-8066-062B5702F3DA}.Debug|Any CPU.ActiveCfg = Debug|Any CPU
		{1CB4BF46-6A0E-495F-8066-062B5702F3DA}.Debug|Any CPU.Build.0 = Debug|Any CPU
		{1CB4BF46-6A0E-495F-8066-062B5702F3DA}.Release|Any CPU.ActiveCfg = Release|Any CPU
		{1CB4BF46-6A0E-495F-8066-062B5702F3DA}.Release|Any CPU.Build.0 = Release|Any CPU
		{EAD1BE76-9264-49C4-A9B6-CA823A767C85}.Debug|Any CPU.ActiveCfg = Debug|Any CPU
		{EAD1BE76-9264-49C4-A9B6-CA823A767C85}.Debug|Any CPU.Build.0 = Debug|Any CPU
		{EAD1BE76-9264-49C4-A9B6-CA823A767C85}.Release|Any CPU.ActiveCfg = Release|Any CPU
		{EAD1BE76-9264-49C4-A9B6-CA823A767C85}.Release|Any CPU.Build.0 = Release|Any CPU
	EndGlobalSection
	GlobalSection(SolutionProperties) = preSolution
		HideSolutionNode = FALSE
	EndGlobalSection
	GlobalSection(ExtensibilityGlobals) = postSolution
		SolutionGuid = {BD78B6A3-6D21-46D0-8023-65779CC79C0E}
	EndGlobalSection
EndGlobal
